
Microsoft Visual Studio Solution File, Format Version 12.00
# Visual Studio Version 16
VisualStudioVersion = 16.0.32802.440
MinimumVisualStudioVersion = 10.0.40219.1
Project("{FAE04EC0-301F-11D3-BF4B-00C04F79EFBC}") = "Calculadora_Gasolina_Etanol_3.0", "Calculadora_Gasolina_Etanol_3.0\Calculadora_Gasolina_Etanol_3.0.csproj", "{F96416C9-712C-45F3-B4F7-61DA6875C2D3}"
EndProject
Global
	GlobalSection(SolutionConfigurationPlatforms) = preSolution
		Debug|Any CPU = Debug|Any CPU
		Release|Any CPU = Release|Any CPU
	EndGlobalSection
	GlobalSection(ProjectConfigurationPlatforms) = postSolution
		{F96416C9-712C-45F3-B4F7-61DA6875C2D3}.Debug|Any CPU.ActiveCfg = Debug|Any CPU
		{F96416C9-712C-45F3-B4F7-61DA6875C2D3}.Debug|Any CPU.Build.0 = Debug|Any CPU
		{F96416C9-712C-45F3-B4F7-61DA6875C2D3}.Release|Any CPU.ActiveCfg = Release|Any CPU
		{F96416C9-712C-45F3-B4F7-61DA6875C2D3}.Release|Any CPU.Build.0 = Release|Any CPU
	EndGlobalSection
	GlobalSection(SolutionProperties) = preSolution
		HideSolutionNode = FALSE
	EndGlobalSection
	GlobalSection(ExtensibilityGlobals) = postSolution
		SolutionGuid = {EA63A55D-8F49-4997-B767-A40CE06EB07B}
	EndGlobalSection
EndGlobal
